
Microsoft Visual Studio Solution File, Format Version 12.00
# Visual Studio Version 17
VisualStudioVersion = 17.1.32328.378
MinimumVisualStudioVersion = 10.0.40219.1
Project("{FAE04EC0-301F-11D3-BF4B-00C04F79EFBC}") = "UrlShortener", "UrlShortener.csproj", "{0B16942F-3F24-4BEF-B94F-2DDE55B23B6F}"
EndProject
Global
	GlobalSection(SolutionConfigurationPlatforms) = preSolution
		Debug|Any CPU = Debug|Any CPU
		Release|Any CPU = Release|Any CPU
	EndGlobalSection
	GlobalSection(ProjectConfigurationPlatforms) = postSolution
		{0B16942F-3F24-4BEF-B94F-2DDE55B23B6F}.Debug|Any CPU.ActiveCfg = Debug|Any CPU
		{0B16942F-3F24-4BEF-B94F-2DDE55B23B6F}.Debug|Any CPU.Build.0 = Debug|Any CPU
		{0B16942F-3F24-4BEF-B94F-2DDE55B23B6F}.Release|Any CPU.ActiveCfg = Release|Any CPU
		{0B16942F-3F24-4BEF-B94F-2DDE55B23B6F}.Release|Any CPU.Build.0 = Release|Any CPU
	EndGlobalSection
	GlobalSection(SolutionProperties) = preSolution
		HideSolutionNode = FALSE
	EndGlobalSection
	GlobalSection(ExtensibilityGlobals) = postSolution
		SolutionGuid = {D3C6086F-2C66-4478-B6F6-D6E36CA94584}
	EndGlobalSection
EndGlobal
